# THIS IS AN AUTOGENERATED FILE. DO NOT EDIT THIS FILE DIRECTLY.
# yarn lockfile v1


"@actions/core@^1.2.0":
  version "1.2.0"
  resolved "https://registry.yarnpkg.com/@actions/core/-/core-1.2.0.tgz#aa5f52b26c362c821d41557e599371a42f6c0b3d"
  integrity sha512-ZKdyhlSlyz38S6YFfPnyNgCDZuAF2T0Qv5eHflNWytPS8Qjvz39bZFMry9Bb/dpSnqWcNeav5yM2CTYpJeY+Dw==

"@actions/exec@^1.0.1":
  version "1.0.1"
  resolved "https://registry.yarnpkg.com/@actions/exec/-/exec-1.0.1.tgz#1624b541165697e7008d7c87bc1f69f191263c6c"
  integrity sha512-nvFkxwiicvpzNiCBF4wFBDfnBvi7xp/as7LE1hBxBxKG2L29+gkIPBiLKMVORL+Hg3JNf07AKRfl0V5djoypjQ==
